
Microsoft Visual Studio Solution File, Format Version 12.00
# Visual Studio Version 17
VisualStudioVersion = 17.9.34728.123
MinimumVisualStudioVersion = 10.0.40219.1
Project("{FAE04EC0-301F-11D3-BF4B-00C04F79EFBC}") = "appDespensa", "appDespensa\appDespensa.csproj", "{080B3241-F05A-46A5-9A55-7D04901D4B4D}"
EndProject
Global
	GlobalSection(SolutionConfigurationPlatforms) = preSolution
		Debug|Any CPU = Debug|Any CPU
		Release|Any CPU = Release|Any CPU
	EndGlobalSection
	GlobalSection(ProjectConfigurationPlatforms) = postSolution
		{080B3241-F05A-46A5-9A55-7D04901D4B4D}.Debug|Any CPU.ActiveCfg = Debug|Any CPU
		{080B3241-F05A-46A5-9A55-7D04901D4B4D}.Debug|Any CPU.Build.0 = Debug|Any CPU
		{080B3241-F05A-46A5-9A55-7D04901D4B4D}.Release|Any CPU.ActiveCfg = Release|Any CPU
		{080B3241-F05A-46A5-9A55-7D04901D4B4D}.Release|Any CPU.Build.0 = Release|Any CPU
	EndGlobalSection
	GlobalSection(SolutionProperties) = preSolution
		HideSolutionNode = FALSE
	EndGlobalSection
	GlobalSection(ExtensibilityGlobals) = postSolution
		SolutionGuid = {54D64CDB-4BF9-4421-B0D1-1DC37C5CD1DF}
	EndGlobalSection
EndGlobal
